
Microsoft Visual Studio Solution File, Format Version 15.00
# Visual Studio 2017
Project("{FAE04EC0-301F-11D3-BF4B-00C04F79EFBC}") = "ui-tests", "ui-tests.csproj", "{EB1B68E0-8411-4142-BBE8-6CBB8617701B}"
EndProject
Global
	GlobalSection(SolutionConfigurationPlatforms) = preSolution
		Debug|Any CPU = Debug|Any CPU
		Release|Any CPU = Release|Any CPU
	EndGlobalSection
	GlobalSection(ProjectConfigurationPlatforms) = postSolution
		{EB1B68E0-8411-4142-BBE8-6CBB8617701B}.Debug|Any CPU.ActiveCfg = Debug|Any CPU
		{EB1B68E0-8411-4142-BBE8-6CBB8617701B}.Debug|Any CPU.Build.0 = Debug|Any CPU
		{EB1B68E0-8411-4142-BBE8-6CBB8617701B}.Release|Any CPU.ActiveCfg = Release|Any CPU
		{EB1B68E0-8411-4142-BBE8-6CBB8617701B}.Release|Any CPU.Build.0 = Release|Any CPU
	EndGlobalSection
EndGlobal
